// !$*UTF8*$!
{
	archiveVersion = 1;
	classes = {
	};
	objectVersion = 56;
	objects = {

/* Begin PBXBuildFile section */
		86E3A4AF29065ABB000FA94E /* ListViewModel.swift in Sources */ = {isa = PBXBuildFile; fileRef = 86E3A4AE29065ABB000FA94E /* ListViewModel.swift */; };
		86E3A4B129065C80000FA94E /* Response.swift in Sources */ = {isa = PBXBuildFile; fileRef = 86E3A4B029065C80000FA94E /* Response.swift */; };
		86E3A4B32906656A000FA94E /* WebView.swift in Sources */ = {isa = PBXBuildFile; fileRef = 86E3A4B22906656A000FA94E /* WebView.swift */; };
		86E3A4B629066A11000FA94E /* Model.xcdatamodeld in Sources */ = {isa = PBXBuildFile; fileRef = 86E3A4B429066A11000FA94E /* Model.xcdatamodeld */; };
		86E3A4B929067827000FA94E /* PersistentContainer.swift in Sources */ = {isa = PBXBuildFile; fileRef = 86E3A4B829067827000FA94E /* PersistentContainer.swift */; };
		86E3A4BB29068611000FA94E /* Top+Extensions.swift in Sources */ = {isa = PBXBuildFile; fileRef = 86E3A4BA29068611000FA94E /* Top+Extensions.swift */; };
		86E3A4BD29068D55000FA94E /* Top.swift in Sources */ = {isa = PBXBuildFile; fileRef = 86E3A4BC29068D55000FA94E /* Top.swift */; };
		86E3A4BF290693F9000FA94E /* APIError.swift in Sources */ = {isa = PBXBuildFile; fileRef = 86E3A4BE290693F9000FA94E /* APIError.swift */; };
		86FB4CD32906541000453F4D /* WeiboTopApp.swift in Sources */ = {isa = PBXBuildFile; fileRef = 86FB4CD22906541000453F4D /* WeiboTopApp.swift */; };
		86FB4CD52906541000453F4D /* ContentView.swift in Sources */ = {isa = PBXBuildFile; fileRef = 86FB4CD42906541000453F4D /* ContentView.swift */; };
		86FB4CD72906541100453F4D /* Assets.xcassets in Resources */ = {isa = PBXBuildFile; fileRef = 86FB4CD62906541100453F4D /* Assets.xcassets */; };
		86FB4CDA2906541100453F4D /* Preview Assets.xcassets in Resources */ = {isa = PBXBuildFile; fileRef = 86FB4CD92906541100453F4D /* Preview Assets.xcassets */; };
		F45C30FB3FFCCE8FAFBBAA24 /* Pods_WeiboTop.framework in Frameworks */ = {isa = PBXBuildFile; fileRef = FB68027BF57DB24F2B263ACC /* Pods_WeiboTop.framework */; };
/* End PBXBuildFile section */

/* Begin PBXFileReference section */
		1E32287E6A0D9A6B54E5E966 /* Pods-WeiboTop.debug.xcconfig */ = {isa = PBXFileReference; includeInIndex = 1; lastKnownFileType = text.xcconfig; name = "Pods-WeiboTop.debug.xcconfig"; path = "Target Support Files/Pods-WeiboTop/Pods-WeiboTop.debug.xcconfig"; sourceTree = "<group>"; };
		86E3A4AE29065ABB000FA94E /* ListViewModel.swift */ = {isa = PBXFileReference; lastKnownFileType = sourcecode.swift; path = ListViewModel.swift; sourceTree = "<group>"; };
		86E3A4B029065C80000FA94E /* Response.swift */ = {isa = PBXFileReference; lastKnownFileType = sourcecode.swift; path = Response.swift; sourceTree = "<group>"; };
		86E3A4B22906656A000FA94E /* WebView.swift */ = {isa = PBXFileReference; lastKnownFileType = sourcecode.swift; path = WebView.swift; sourceTree = "<group>"; };
		86E3A4B529066A11000FA94E /* Top.xcdatamodel */ = {isa = PBXFileReference; lastKnownFileType = wrapper.xcdatamodel; path = Top.xcdatamodel; sourceTree = "<group>"; };
		86E3A4B829067827000FA94E /* PersistentContainer.swift */ = {isa = PBXFileReference; lastKnownFileType = sourcecode.swift; path = PersistentContainer.swift; sourceTree = "<group>"; };
		86E3A4BA29068611000FA94E /* Top+Extensions.swift */ = {isa = PBXFileReference; lastKnownFileType = sourcecode.swift; path = "Top+Extensions.swift"; sourceTree = "<group>"; };
		86E3A4BC29068D55000FA94E /* Top.swift */ = {isa = PBXFileReference; lastKnownFileType = sourcecode.swift; path = Top.swift; sourceTree = "<group>"; };
		86E3A4BE290693F9000FA94E /* APIError.swift */ = {isa = PBXFileReference; lastKnownFileType = sourcecode.swift; path = APIError.swift; sourceTree = "<group>"; };
		86FB4CCF2906541000453F4D /* WeiboTop.app */ = {isa = PBXFileReference; explicitFileType = wrapper.application; includeInIndex = 0; path = WeiboTop.app; sourceTree = BUILT_PRODUCTS_DIR; };
		86FB4CD22906541000453F4D /* WeiboTopApp.swift */ = {isa = PBXFileReference; lastKnownFileType = sourcecode.swift; path = WeiboTopApp.swift; sourceTree = "<group>"; };
		86FB4CD42906541000453F4D /* ContentView.swift */ = {isa = PBXFileReference; lastKnownFileType = sourcecode.swift; path = ContentView.swift; sourceTree = "<group>"; };
		86FB4CD62906541100453F4D /* Assets.xcassets */ = {isa = PBXFileReference; lastKnownFileType = folder.assetcatalog; path = Assets.xcassets; sourceTree = "<group>"; };
		86FB4CD92906541100453F4D /* Preview Assets.xcassets */ = {isa = PBXFileReference; lastKnownFileType = folder.assetcatalog; path = "Preview Assets.xcassets"; sourceTree = "<group>"; };
		A0EB96DB7E27A395075759DB /* Pods-WeiboTop.release.xcconfig */ = {isa = PBXFileReference; includeInIndex = 1; lastKnownFileType = text.xcconfig; name = "Pods-WeiboTop.release.xcconfig"; path = "Target Support Files/Pods-WeiboTop/Pods-WeiboTop.release.xcconfig"; sourceTree = "<group>"; };
		FB68027BF57DB24F2B263ACC /* Pods_WeiboTop.framework */ = {isa = PBXFileReference; explicitFileType = wrapper.framework; includeInIndex = 0; path = Pods_WeiboTop.framework; sourceTree = BUILT_PRODUCTS_DIR; };
/* End PBXFileReference section */

/* Begin PBXFrameworksBuildPhase section */
		86FB4CCC2906541000453F4D /* Frameworks */ = {
			isa = PBXFrameworksBuildPhase;
			buildActionMask = 2147483647;
			files = (
				F45C30FB3FFCCE8FAFBBAA24 /* Pods_WeiboTop.framework in Frameworks */,
			);
			runOnlyForDeploymentPostprocessing = 0;
		};
/* End PBXFrameworksBuildPhase section */

/* Begin PBXGroup section */
		14139DB66EE4288067B8E165 /* Pods */ = {
			isa = PBXGroup;
			children = (
				1E32287E6A0D9A6B54E5E966 /* Pods-WeiboTop.debug.xcconfig */,
				A0EB96DB7E27A395075759DB /* Pods-WeiboTop.release.xcconfig */,
			);
			path = Pods;
			sourceTree = "<group>";
		};
		86E3A4AA2906547D000FA94E /* ViewModels */ = {
			isa = PBXGroup;
			children = (
				86E3A4AE29065ABB000FA94E /* ListViewModel.swift */,
				86E3A4BE290693F9000FA94E /* APIError.swift */,
			);
			path = ViewModels;
			sourceTree = "<group>";
		};
		86E3A4AB29065487000FA94E /* Models */ = {
			isa = PBXGroup;
			children = (
				86E3A4B029065C80000FA94E /* Response.swift */,
				86E3A4B429066A11000FA94E /* Model.xcdatamodeld */,
				86E3A4B829067827000FA94E /* PersistentContainer.swift */,
				86E3A4BA29068611000FA94E /* Top+Extensions.swift */,
				86E3A4BC29068D55000FA94E /* Top.swift */,
			);
			path = Models;
			sourceTree = "<group>";
		};
		86FB4CC62906541000453F4D = {
			isa = PBXGroup;
			children = (
				86FB4CD12906541000453F4D /* WeiboTop */,
				86FB4CD02906541000453F4D /* Products */,
				14139DB66EE4288067B8E165 /* Pods */,
				9C9DD72E1DA3570C20445D90 /* Frameworks */,
			);
			sourceTree = "<group>";
		};
		86FB4CD02906541000453F4D /* Products */ = {
			isa = PBXGroup;
			children = (
				86FB4CCF2906541000453F4D /* WeiboTop.app */,
			);
			name = Products;
			sourceTree = "<group>";
		};
		86FB4CD12906541000453F4D /* WeiboTop */ = {
			isa = PBXGroup;
			children = (
				86E3A4AB29065487000FA94E /* Models */,
				86E3A4AA2906547D000FA94E /* ViewModels */,
				86FB4CD22906541000453F4D /* WeiboTopApp.swift */,
				86FB4CD42906541000453F4D /* ContentView.swift */,
				86E3A4B22906656A000FA94E /* WebView.swift */,
				86FB4CD62906541100453F4D /* Assets.xcassets */,
				86FB4CD82906541100453F4D /* Preview Content */,
			);
			path = WeiboTop;
			sourceTree = "<group>";
		};
		86FB4CD82906541100453F4D /* Preview Content */ = {
			isa = PBXGroup;
			children = (
				86FB4CD92906541100453F4D /* Preview Assets.xcassets */,
			);
			path = "Preview Content";
			sourceTree = "<group>";
		};
		9C9DD72E1DA3570C20445D90 /* Frameworks */ = {
			isa = PBXGroup;
			children = (
				FB68027BF57DB24F2B263ACC /* Pods_WeiboTop.framework */,
			);
			name = Frameworks;
			sourceTree = "<group>";
		};
/* End PBXGroup section */

/* Begin PBXNativeTarget section */
		86FB4CCE2906541000453F4D /* WeiboTop */ = {
			isa = PBXNativeTarget;
			buildConfigurationList = 86FB4CDD2906541100453F4D /* Build configuration list for PBXNativeTarget "WeiboTop" */;
			buildPhases = (
				74DE52167A584B0550C1BD6B /* [CP] Check Pods Manifest.lock */,
				86FB4CCB2906541000453F4D /* Sources */,
				86FB4CCC2906541000453F4D /* Frameworks */,
				86FB4CCD2906541000453F4D /* Resources */,
				12B9115627E0E249F7C23AC3 /* [CP] Embed Pods Frameworks */,
			);
			buildRules = (
			);
			dependencies = (
			);
			name = WeiboTop;
			productName = WeiboTop;
			productReference = 86FB4CCF2906541000453F4D /* WeiboTop.app */;
			productType = "com.apple.product-type.application";
		};
/* End PBXNativeTarget section */

/* Begin PBXProject section */
		86FB4CC72906541000453F4D /* Project object */ = {
			isa = PBXProject;
			attributes = {
				BuildIndependentTargetsInParallel = 1;
				LastSwiftUpdateCheck = 1400;
				LastUpgradeCheck = 1400;
				TargetAttributes = {
					86FB4CCE2906541000453F4D = {
						CreatedOnToolsVersion = 14.0.1;
					};
				};
			};
			buildConfigurationList = 86FB4CCA2906541000453F4D /* Build configuration list for PBXProject "WeiboTop" */;
			compatibilityVersion = "Xcode 14.0";
			developmentRegion = en;
			hasScannedForEncodings = 0;
			knownRegions = (
				en,
				Base,
			);
			mainGroup = 86FB4CC62906541000453F4D;
			productRefGroup = 86FB4CD02906541000453F4D /* Products */;
			projectDirPath = "";
			projectRoot = "";
			targets = (
				86FB4CCE2906541000453F4D /* WeiboTop */,
			);
		};
/* End PBXProject section */

/* Begin PBXResourcesBuildPhase section */
		86FB4CCD2906541000453F4D /* Resources */ = {
			isa = PBXResourcesBuildPhase;
			buildActionMask = 2147483647;
			files = (
				86FB4CDA2906541100453F4D /* Preview Assets.xcassets in Resources */,
				86FB4CD72906541100453F4D /* Assets.xcassets in Resources */,
			);
			runOnlyForDeploymentPostprocessing = 0;
		};
/* End PBXResourcesBuildPhase section */

/* Begin PBXShellScriptBuildPhase section */
		12B9115627E0E249F7C23AC3 /* [CP] Embed Pods Frameworks */ = {
			isa = PBXShellScriptBuildPhase;
			buildActionMask = 2147483647;
			files = (
			);
			inputFileListPaths = (
				"${PODS_ROOT}/Target Support Files/Pods-WeiboTop/Pods-WeiboTop-frameworks-${CONFIGURATION}-input-files.xcfilelist",
			);
			name = "[CP] Embed Pods Frameworks";
			outputFileListPaths = (
				"${PODS_ROOT}/Target Support Files/Pods-WeiboTop/Pods-WeiboTop-frameworks-${CONFIGURATION}-output-files.xcfilelist",
			);
			runOnlyForDeploymentPostprocessing = 0;
			shellPath = /bin/sh;
			shellScript = "\"${PODS_ROOT}/Target Support Files/Pods-WeiboTop/Pods-WeiboTop-frameworks.sh\"\n";
			showEnvVarsInLog = 0;
		};
		74DE52167A584B0550C1BD6B /* [CP] Check Pods Manifest.lock */ = {
			isa = PBXShellScriptBuildPhase;
			buildActionMask = 2147483647;
			files = (
			);
			inputFileListPaths = (
			);
			inputPaths = (
				"${PODS_PODFILE_DIR_PATH}/Podfile.lock",
				"${PODS_ROOT}/Manifest.lock",
			);
			name = "[CP] Check Pods Manifest.lock";
			outputFileListPaths = (
			);
			outputPaths = (
				"$(DERIVED_FILE_DIR)/Pods-WeiboTop-checkManifestLockResult.txt",
			);
			runOnlyForDeploymentPostprocessing = 0;
			shellPath = /bin/sh;
			shellScript = "diff \"${PODS_PODFILE_DIR_PATH}/Podfile.lock\" \"${PODS_ROOT}/Manifest.lock\" > /dev/null\nif [ $? != 0 ] ; then\n    # print error to STDERR\n    echo \"error: The sandbox is not in sync with the Podfile.lock. Run 'pod install' or update your CocoaPods installation.\" >&2\n    exit 1\nfi\n# This output is used by Xcode 'outputs' to avoid re-running this script phase.\necho \"SUCCESS\" > \"${SCRIPT_OUTPUT_FILE_0}\"\n";
			showEnvVarsInLog = 0;
		};
/* End PBXShellScriptBuildPhase section */

/* Begin PBXSourcesBuildPhase section */
		86FB4CCB2906541000453F4D /* Sources */ = {
			isa = PBXSourcesBuildPhase;
			buildActionMask = 2147483647;
			files = (
				86E3A4B929067827000FA94E /* PersistentContainer.swift in Sources */,
				86FB4CD52906541000453F4D /* ContentView.swift in Sources */,
				86E3A4AF29065ABB000FA94E /* ListViewModel.swift in Sources */,
				86E3A4BF290693F9000FA94E /* APIError.swift in Sources */,
				86E3A4B32906656A000FA94E /* WebView.swift in Sources */,
				86FB4CD32906541000453F4D /* WeiboTopApp.swift in Sources */,
				86E3A4BB29068611000FA94E /* Top+Extensions.swift in Sources */,
				86E3A4BD29068D55000FA94E /* Top.swift in Sources */,
				86E3A4B629066A11000FA94E /* Model.xcdatamodeld in Sources */,
				86E3A4B129065C80000FA94E /* Response.swift in Sources */,
			);
			runOnlyForDeploymentPostprocessing = 0;
		};
/* End PBXSourcesBuildPhase section */

/* Begin XCBuildConfiguration section */
		86FB4CDB2906541100453F4D /* Debug */ = {
			isa = XCBuildConfiguration;
			buildSettings = {
				ALWAYS_SEARCH_USER_PATHS = NO;
				CLANG_ANALYZER_NONNULL = YES;
				CLANG_ANALYZER_NUMBER_OBJECT_CONVERSION = YES_AGGRESSIVE;
				CLANG_CXX_LANGUAGE_STANDARD = "gnu++20";
				CLANG_ENABLE_MODULES = YES;
				CLANG_ENABLE_OBJC_ARC = YES;
				CLANG_ENABLE_OBJC_WEAK = YES;
				CLANG_WARN_BLOCK_CAPTURE_AUTORELEASING = YES;
				CLANG_WARN_BOOL_CONVERSION = YES;
				CLANG_WARN_COMMA = YES;
				CLANG_WARN_CONSTANT_CONVERSION = YES;
				CLANG_WARN_DEPRECATED_OBJC_IMPLEMENTATIONS = YES;
				CLANG_WARN_DIRECT_OBJC_ISA_USAGE = YES_ERROR;
				CLANG_WARN_DOCUMENTATION_COMMENTS = YES;
				CLANG_WARN_EMPTY_BODY = YES;
				CLANG_WARN_ENUM_CONVERSION = YES;
				CLANG_WARN_INFINITE_RECURSION = YES;
				CLANG_WARN_INT_CONVERSION = YES;
				CLANG_WARN_NON_LITERAL_NULL_CONVERSION = YES;
				CLANG_WARN_OBJC_IMPLICIT_RETAIN_SELF = YES;
				CLANG_WARN_OBJC_LITERAL_CONVERSION = YES;
				CLANG_WARN_OBJC_ROOT_CLASS = YES_ERROR;
				CLANG_WARN_QUOTED_INCLUDE_IN_FRAMEWORK_HEADER = YES;
				CLANG_WARN_RANGE_LOOP_ANALYSIS = YES;
				CLANG_WARN_STRICT_PROTOTYPES = YES;
				CLANG_WARN_SUSPICIOUS_MOVE = YES;
				CLANG_WARN_UNGUARDED_AVAILABILITY = YES_AGGRESSIVE;
				CLANG_WARN_UNREACHABLE_CODE = YES;
				CLANG_WARN__DUPLICATE_METHOD_MATCH = YES;
				COPY_PHASE_STRIP = NO;
				DEBUG_INFORMATION_FORMAT = dwarf;
				ENABLE_STRICT_OBJC_MSGSEND = YES;
				ENABLE_TESTABILITY = YES;
				GCC_C_LANGUAGE_STANDARD = gnu11;
				GCC_DYNAMIC_NO_PIC = NO;
				GCC_NO_COMMON_BLOCKS = YES;
				GCC_OPTIMIZATION_LEVEL = 0;
				GCC_PREPROCESSOR_DEFINITIONS = (
					"DEBUG=1",
					"$(inherited)",
				);
				GCC_WARN_64_TO_32_BIT_CONVERSION = YES;
				GCC_WARN_ABOUT_RETURN_TYPE = YES_ERROR;
				GCC_WARN_UNDECLARED_SELECTOR = YES;
				GCC_WARN_UNINITIALIZED_AUTOS = YES_AGGRESSIVE;
				GCC_WARN_UNUSED_FUNCTION = YES;
				GCC_WARN_UNUSED_VARIABLE = YES;
				IPHONEOS_DEPLOYMENT_TARGET = 16.0;
				MTL_ENABLE_DEBUG_INFO = INCLUDE_SOURCE;
				MTL_FAST_MATH = YES;
				ONLY_ACTIVE_ARCH = YES;
				SDKROOT = iphoneos;
				SWIFT_ACTIVE_COMPILATION_CONDITIONS = DEBUG;
				SWIFT_OPTIMIZATION_LEVEL = "-Onone";
			};
			name = Debug;
		};
		86FB4CDC2906541100453F4D /* Release */ = {
			isa = XCBuildConfiguration;
			buildSettings = {
				ALWAYS_SEARCH_USER_PATHS = NO;
				CLANG_ANALYZER_NONNULL = YES;
				CLANG_ANALYZER_NUMBER_OBJECT_CONVERSION = YES_AGGRESSIVE;
				CLANG_CXX_LANGUAGE_STANDARD = "gnu++20";
				CLANG_ENABLE_MODULES = YES;
				CLANG_ENABLE_OBJC_ARC = YES;
				CLANG_ENABLE_OBJC_WEAK = YES;
				CLANG_WARN_BLOCK_CAPTURE_AUTORELEASING = YES;
				CLANG_WARN_BOOL_CONVERSION = YES;
				CLANG_WARN_COMMA = YES;
				CLANG_WARN_CONSTANT_CONVERSION = YES;
				CLANG_WARN_DEPRECATED_OBJC_IMPLEMENTATIONS = YES;
				CLANG_WARN_DIRECT_OBJC_ISA_USAGE = YES_ERROR;
				CLANG_WARN_DOCUMENTATION_COMMENTS = YES;
				CLANG_WARN_EMPTY_BODY = YES;
				CLANG_WARN_ENUM_CONVERSION = YES;
				CLANG_WARN_INFINITE_RECURSION = YES;
				CLANG_WARN_INT_CONVERSION = YES;
				CLANG_WARN_NON_LITERAL_NULL_CONVERSION = YES;
				CLANG_WARN_OBJC_IMPLICIT_RETAIN_SELF = YES;
				CLANG_WARN_OBJC_LITERAL_CONVERSION = YES;
				CLANG_WARN_OBJC_ROOT_CLASS = YES_ERROR;
				CLANG_WARN_QUOTED_INCLUDE_IN_FRAMEWORK_HEADER = YES;
				CLANG_WARN_RANGE_LOOP_ANALYSIS = YES;
				CLANG_WARN_STRICT_PROTOTYPES = YES;
				CLANG_WARN_SUSPICIOUS_MOVE = YES;
				CLANG_WARN_UNGUARDED_AVAILABILITY = YES_AGGRESSIVE;
				CLANG_WARN_UNREACHABLE_CODE = YES;
				CLANG_WARN__DUPLICATE_METHOD_MATCH = YES;
				COPY_PHASE_STRIP = NO;
				DEBUG_INFORMATION_FORMAT = "dwarf-with-dsym";
				ENABLE_NS_ASSERTIONS = NO;
				ENABLE_STRICT_OBJC_MSGSEND = YES;
				GCC_C_LANGUAGE_STANDARD = gnu11;
				GCC_NO_COMMON_BLOCKS = YES;
				GCC_WARN_64_TO_32_BIT_CONVERSION = YES;
				GCC_WARN_ABOUT_RETURN_TYPE = YES_ERROR;
				GCC_WARN_UNDECLARED_SELECTOR = YES;
				GCC_WARN_UNINITIALIZED_AUTOS = YES_AGGRESSIVE;
				GCC_WARN_UNUSED_FUNCTION = YES;
				GCC_WARN_UNUSED_VARIABLE = YES;
				IPHONEOS_DEPLOYMENT_TARGET = 16.0;
				MTL_ENABLE_DEBUG_INFO = NO;
				MTL_FAST_MATH = YES;
				SDKROOT = iphoneos;
				SWIFT_COMPILATION_MODE = wholemodule;
				SWIFT_OPTIMIZATION_LEVEL = "-O";
				VALIDATE_PRODUCT = YES;
			};
			name = Release;
		};
		86FB4CDE2906541100453F4D /* Debug */ = {
			isa = XCBuildConfiguration;
			baseConfigurationReference = 1E32287E6A0D9A6B54E5E966 /* Pods-WeiboTop.debug.xcconfig */;
			buildSettings = {
				ASSETCATALOG_COMPILER_APPICON_NAME = AppIcon;
				ASSETCATALOG_COMPILER_GLOBAL_ACCENT_COLOR_NAME = AccentColor;
				CODE_SIGN_STYLE = Automatic;
				CURRENT_PROJECT_VERSION = 1;
				DEVELOPMENT_ASSET_PATHS = "\"WeiboTop/Preview Content\"";
				ENABLE_PREVIEWS = YES;
				GENERATE_INFOPLIST_FILE = YES;
				INFOPLIST_KEY_UIApplicationSceneManifest_Generation = YES;
				INFOPLIST_KEY_UIApplicationSupportsIndirectInputEvents = YES;
				INFOPLIST_KEY_UILaunchScreen_Generation = YES;
				INFOPLIST_KEY_UISupportedInterfaceOrientations_iPad = "UIInterfaceOrientationPortrait UIInterfaceOrientationPortraitUpsideDown UIInterfaceOrientationLandscapeLeft UIInterfaceOrientationLandscapeRight";
				INFOPLIST_KEY_UISupportedInterfaceOrientations_iPhone = "UIInterfaceOrientationPortrait UIInterfaceOrientationLandscapeLeft UIInterfaceOrientationLandscapeRight";
				LD_RUNPATH_SEARCH_PATHS = (
					"$(inherited)",
					"@executable_path/Frameworks",
				);
				MARKETING_VERSION = 1.0;
				PRODUCT_BUNDLE_IDENTIFIER = org.liuduoios.WeiboTop;
				PRODUCT_NAME = "$(TARGET_NAME)";
				SWIFT_EMIT_LOC_STRINGS = YES;
				SWIFT_VERSION = 5.0;
				TARGETED_DEVICE_FAMILY = "1,2";
			};
			name = Debug;
		};
		86FB4CDF2906541100453F4D /* Release */ = {
			isa = XCBuildConfiguration;
			baseConfigurationReference = A0EB96DB7E27A395075759DB /* Pods-WeiboTop.release.xcconfig */;
			buildSettings = {
				ASSETCATALOG_COMPILER_APPICON_NAME = AppIcon;
				ASSETCATALOG_COMPILER_GLOBAL_ACCENT_COLOR_NAME = AccentColor;
				CODE_SIGN_STYLE = Automatic;
				CURRENT_PROJECT_VERSION = 1;
				DEVELOPMENT_ASSET_PATHS = "\"WeiboTop/Preview Content\"";
				ENABLE_PREVIEWS = YES;
				GENERATE_INFOPLIST_FILE = YES;
				INFOPLIST_KEY_UIApplicationSceneManifest_Generation = YES;
				INFOPLIST_KEY_UIApplicationSupportsIndirectInputEvents = YES;
				INFOPLIST_KEY_UILaunchScreen_Generation = YES;
				INFOPLIST_KEY_UISupportedInterfaceOrientations_iPad = "UIInterfaceOrientationPortrait UIInterfaceOrientationPortraitUpsideDown UIInterfaceOrientationLandscapeLeft UIInterfaceOrientationLandscapeRight";
				INFOPLIST_KEY_UISupportedInterfaceOrientations_iPhone = "UIInterfaceOrientationPortrait UIInterfaceOrientationLandscapeLeft UIInterfaceOrientationLandscapeRight";
				LD_RUNPATH_SEARCH_PATHS = (
					"$(inherited)",
					"@executable_path/Frameworks",
				);
				MARKETING_VERSION = 1.0;
				PRODUCT_BUNDLE_IDENTIFIER = org.liuduoios.WeiboTop;
				PRODUCT_NAME = "$(TARGET_NAME)";
				SWIFT_EMIT_LOC_STRINGS = YES;
				SWIFT_VERSION = 5.0;
				TARGETED_DEVICE_FAMILY = "1,2";
			};
			name = Release;
		};
/* End XCBuildConfiguration section */

/* Begin XCConfigurationList section */
		86FB4CCA2906541000453F4D /* Build configuration list for PBXProject "WeiboTop" */ = {
			isa = XCConfigurationList;
			buildConfigurations = (
				86FB4CDB2906541100453F4D /* Debug */,
				86FB4CDC2906541100453F4D /* Release */,
			);
			defaultConfigurationIsVisible = 0;
			defaultConfigurationName = Release;
		};
		86FB4CDD2906541100453F4D /* Build configuration list for PBXNativeTarget "WeiboTop" */ = {
			isa = XCConfigurationList;
			buildConfigurations = (
				86FB4CDE2906541100453F4D /* Debug */,
				86FB4CDF2906541100453F4D /* Release */,
			);
			defaultConfigurationIsVisible = 0;
			defaultConfigurationName = Release;
		};
/* End XCConfigurationList section */

/* Begin XCVersionGroup section */
		86E3A4B429066A11000FA94E /* Model.xcdatamodeld */ = {
			isa = XCVersionGroup;
			children = (
				86E3A4B529066A11000FA94E /* Top.xcdatamodel */,
			);
			currentVersion = 86E3A4B529066A11000FA94E /* Top.xcdatamodel */;
			path = Model.xcdatamodeld;
			sourceTree = "<group>";
			versionGroupType = wrapper.xcdatamodel;
		};
/* End XCVersionGroup section */
	};
	rootObject = 86FB4CC72906541000453F4D /* Project object */;
}
