// !$*UTF8*$!
{
	archiveVersion = 1;
	classes = {
	};
	objectVersion = 56;
	objects = {

/* Begin PBXBuildFile section */
		864A2CF8293712A200880564 /* TopsListViewModel.swift in Sources */ = {isa = PBXBuildFile; fileRef = 864A2CF4293712A200880564 /* TopsListViewModel.swift */; };
		864A2CF9293712A200880564 /* LoadingView.swift in Sources */ = {isa = PBXBuildFile; fileRef = 864A2CF7293712A200880564 /* LoadingView.swift */; };
		864A42582938484B00880564 /* AppConfiguration.swift in Sources */ = {isa = PBXBuildFile; fileRef = 864A42572938484B00880564 /* AppConfiguration.swift */; };
		8666213B291B8A6200D53CAF /* AppMetrics.swift in Sources */ = {isa = PBXBuildFile; fileRef = 8666213A291B8A6200D53CAF /* AppMetrics.swift */; };
		86662143291B90A200D53CAF /* WeiboTopTests.swift in Sources */ = {isa = PBXBuildFile; fileRef = 86662142291B90A200D53CAF /* WeiboTopTests.swift */; };
		86662150291B90CF00D53CAF /* WeiboTopUITests.swift in Sources */ = {isa = PBXBuildFile; fileRef = 8666214F291B90CF00D53CAF /* WeiboTopUITests.swift */; };
		86662152291B90CF00D53CAF /* WeiboTopUITestsLaunchTests.swift in Sources */ = {isa = PBXBuildFile; fileRef = 86662151291B90CF00D53CAF /* WeiboTopUITestsLaunchTests.swift */; };
		867AF3902936139B00B1A9F6 /* Domain in Resources */ = {isa = PBXBuildFile; fileRef = 867AF38F2936139B00B1A9F6 /* Domain */; };
		867AF3922936179500B1A9F6 /* Domain in Frameworks */ = {isa = PBXBuildFile; productRef = 867AF3912936179500B1A9F6 /* Domain */; };
		86C655BE29370F3400E9B71C /* Data in Frameworks */ = {isa = PBXBuildFile; productRef = 86C655BD29370F3400E9B71C /* Data */; };
		86C7B2EC293876130057E448 /* TopsSceneDIContainer.swift in Sources */ = {isa = PBXBuildFile; fileRef = 86C7B2EB293876130057E448 /* TopsSceneDIContainer.swift */; };
		86C7B2EE293879A00057E448 /* AppDIContainer.swift in Sources */ = {isa = PBXBuildFile; fileRef = 86C7B2ED293879A00057E448 /* AppDIContainer.swift */; };
		86C8197F2925EA7B0042EED8 /* SafariViewController.swift in Sources */ = {isa = PBXBuildFile; fileRef = 86C8197E2925EA7B0042EED8 /* SafariViewController.swift */; };
		86C819822925EFF50042EED8 /* Infrastructure in Frameworks */ = {isa = PBXBuildFile; productRef = 86C819812925EFF50042EED8 /* Infrastructure */; };
		86C81984292601570042EED8 /* Settings.swift in Sources */ = {isa = PBXBuildFile; fileRef = 86C81983292601570042EED8 /* Settings.swift */; };
		86C8198629261BB10042EED8 /* AppSettings.swift in Sources */ = {isa = PBXBuildFile; fileRef = 86C8198529261BB10042EED8 /* AppSettings.swift */; };
		86C9A7D52925D3A600ABEC99 /* AlertToast in Frameworks */ = {isa = PBXBuildFile; productRef = 86C9A7D42925D3A600ABEC99 /* AlertToast */; };
		86FB4CD32906541000453F4D /* WeiboTopApp.swift in Sources */ = {isa = PBXBuildFile; fileRef = 86FB4CD22906541000453F4D /* WeiboTopApp.swift */; };
		86FB4CD52906541000453F4D /* ContentView.swift in Sources */ = {isa = PBXBuildFile; fileRef = 86FB4CD42906541000453F4D /* ContentView.swift */; };
		86FB4CD72906541100453F4D /* Assets.xcassets in Resources */ = {isa = PBXBuildFile; fileRef = 86FB4CD62906541100453F4D /* Assets.xcassets */; };
		86FB4CDA2906541100453F4D /* Preview Assets.xcassets in Resources */ = {isa = PBXBuildFile; fileRef = 86FB4CD92906541100453F4D /* Preview Assets.xcassets */; };
/* End PBXBuildFile section */

/* Begin PBXContainerItemProxy section */
		86662144291B90A200D53CAF /* PBXContainerItemProxy */ = {
			isa = PBXContainerItemProxy;
			containerPortal = 86FB4CC72906541000453F4D /* Project object */;
			proxyType = 1;
			remoteGlobalIDString = 86FB4CCE2906541000453F4D;
			remoteInfo = WeiboTop;
		};
		86662153291B90CF00D53CAF /* PBXContainerItemProxy */ = {
			isa = PBXContainerItemProxy;
			containerPortal = 86FB4CC72906541000453F4D /* Project object */;
			proxyType = 1;
			remoteGlobalIDString = 86FB4CCE2906541000453F4D;
			remoteInfo = WeiboTop;
		};
/* End PBXContainerItemProxy section */

/* Begin PBXFileReference section */
		864A2CF4293712A200880564 /* TopsListViewModel.swift */ = {isa = PBXFileReference; fileEncoding = 4; lastKnownFileType = sourcecode.swift; path = TopsListViewModel.swift; sourceTree = "<group>"; };
		864A2CF7293712A200880564 /* LoadingView.swift */ = {isa = PBXFileReference; fileEncoding = 4; lastKnownFileType = sourcecode.swift; path = LoadingView.swift; sourceTree = "<group>"; };
		864A42572938484B00880564 /* AppConfiguration.swift */ = {isa = PBXFileReference; lastKnownFileType = sourcecode.swift; path = AppConfiguration.swift; sourceTree = "<group>"; };
		8666213A291B8A6200D53CAF /* AppMetrics.swift */ = {isa = PBXFileReference; lastKnownFileType = sourcecode.swift; path = AppMetrics.swift; sourceTree = "<group>"; };
		86662140291B90A200D53CAF /* WeiboTopTests.xctest */ = {isa = PBXFileReference; explicitFileType = wrapper.cfbundle; includeInIndex = 0; path = WeiboTopTests.xctest; sourceTree = BUILT_PRODUCTS_DIR; };
		86662142291B90A200D53CAF /* WeiboTopTests.swift */ = {isa = PBXFileReference; lastKnownFileType = sourcecode.swift; path = WeiboTopTests.swift; sourceTree = "<group>"; };
		8666214D291B90CF00D53CAF /* WeiboTopUITests.xctest */ = {isa = PBXFileReference; explicitFileType = wrapper.cfbundle; includeInIndex = 0; path = WeiboTopUITests.xctest; sourceTree = BUILT_PRODUCTS_DIR; };
		8666214F291B90CF00D53CAF /* WeiboTopUITests.swift */ = {isa = PBXFileReference; lastKnownFileType = sourcecode.swift; path = WeiboTopUITests.swift; sourceTree = "<group>"; };
		86662151291B90CF00D53CAF /* WeiboTopUITestsLaunchTests.swift */ = {isa = PBXFileReference; lastKnownFileType = sourcecode.swift; path = WeiboTopUITestsLaunchTests.swift; sourceTree = "<group>"; };
		867AF38F2936139B00B1A9F6 /* Domain */ = {isa = PBXFileReference; lastKnownFileType = wrapper; path = Domain; sourceTree = "<group>"; };
		867AF39329361A3A00B1A9F6 /* Data */ = {isa = PBXFileReference; lastKnownFileType = wrapper; path = Data; sourceTree = "<group>"; };
		86C7B2EB293876130057E448 /* TopsSceneDIContainer.swift */ = {isa = PBXFileReference; lastKnownFileType = sourcecode.swift; path = TopsSceneDIContainer.swift; sourceTree = "<group>"; };
		86C7B2ED293879A00057E448 /* AppDIContainer.swift */ = {isa = PBXFileReference; lastKnownFileType = sourcecode.swift; path = AppDIContainer.swift; sourceTree = "<group>"; };
		86C8197E2925EA7B0042EED8 /* SafariViewController.swift */ = {isa = PBXFileReference; lastKnownFileType = sourcecode.swift; path = SafariViewController.swift; sourceTree = "<group>"; };
		86C819802925EC1B0042EED8 /* Infrastructure */ = {isa = PBXFileReference; lastKnownFileType = wrapper; path = Infrastructure; sourceTree = "<group>"; };
		86C81983292601570042EED8 /* Settings.swift */ = {isa = PBXFileReference; lastKnownFileType = sourcecode.swift; path = Settings.swift; sourceTree = "<group>"; };
		86C8198529261BB10042EED8 /* AppSettings.swift */ = {isa = PBXFileReference; lastKnownFileType = sourcecode.swift; path = AppSettings.swift; sourceTree = "<group>"; };
		86FB4CCF2906541000453F4D /* WeiboTop.app */ = {isa = PBXFileReference; explicitFileType = wrapper.application; includeInIndex = 0; path = WeiboTop.app; sourceTree = BUILT_PRODUCTS_DIR; };
		86FB4CD22906541000453F4D /* WeiboTopApp.swift */ = {isa = PBXFileReference; lastKnownFileType = sourcecode.swift; path = WeiboTopApp.swift; sourceTree = "<group>"; };
		86FB4CD42906541000453F4D /* ContentView.swift */ = {isa = PBXFileReference; lastKnownFileType = sourcecode.swift; path = ContentView.swift; sourceTree = "<group>"; };
		86FB4CD62906541100453F4D /* Assets.xcassets */ = {isa = PBXFileReference; lastKnownFileType = folder.assetcatalog; path = Assets.xcassets; sourceTree = "<group>"; };
		86FB4CD92906541100453F4D /* Preview Assets.xcassets */ = {isa = PBXFileReference; lastKnownFileType = folder.assetcatalog; path = "Preview Assets.xcassets"; sourceTree = "<group>"; };
/* End PBXFileReference section */

/* Begin PBXFrameworksBuildPhase section */
		8666213D291B90A200D53CAF /* Frameworks */ = {
			isa = PBXFrameworksBuildPhase;
			buildActionMask = 2147483647;
			files = (
			);
			runOnlyForDeploymentPostprocessing = 0;
		};
		8666214A291B90CF00D53CAF /* Frameworks */ = {
			isa = PBXFrameworksBuildPhase;
			buildActionMask = 2147483647;
			files = (
			);
			runOnlyForDeploymentPostprocessing = 0;
		};
		86FB4CCC2906541000453F4D /* Frameworks */ = {
			isa = PBXFrameworksBuildPhase;
			buildActionMask = 2147483647;
			files = (
				867AF3922936179500B1A9F6 /* Domain in Frameworks */,
				86C655BE29370F3400E9B71C /* Data in Frameworks */,
				86C9A7D52925D3A600ABEC99 /* AlertToast in Frameworks */,
				86C819822925EFF50042EED8 /* Infrastructure in Frameworks */,
			);
			runOnlyForDeploymentPostprocessing = 0;
		};
/* End PBXFrameworksBuildPhase section */

/* Begin PBXGroup section */
		864A2CF12937129400880564 /* Presentation */ = {
			isa = PBXGroup;
			children = (
				864A2CF2293712A200880564 /* TopsList */,
				864A2CF6293712A200880564 /* Utils */,
			);
			path = Presentation;
			sourceTree = "<group>";
		};
		864A2CF2293712A200880564 /* TopsList */ = {
			isa = PBXGroup;
			children = (
				864A2CF3293712A200880564 /* ViewModels */,
				864A2CF4293712A200880564 /* TopsListViewModel.swift */,
				864A2CF5293712A200880564 /* Views */,
			);
			path = TopsList;
			sourceTree = "<group>";
		};
		864A2CF3293712A200880564 /* ViewModels */ = {
			isa = PBXGroup;
			children = (
			);
			path = ViewModels;
			sourceTree = "<group>";
		};
		864A2CF5293712A200880564 /* Views */ = {
			isa = PBXGroup;
			children = (
			);
			path = Views;
			sourceTree = "<group>";
		};
		864A2CF6293712A200880564 /* Utils */ = {
			isa = PBXGroup;
			children = (
				864A2CF7293712A200880564 /* LoadingView.swift */,
			);
			path = Utils;
			sourceTree = "<group>";
		};
		864A2CFA293712B200880564 /* App */ = {
			isa = PBXGroup;
			children = (
				86FB4CD22906541000453F4D /* WeiboTopApp.swift */,
				864A42572938484B00880564 /* AppConfiguration.swift */,
				86C7B2EA293875FA0057E448 /* DIContainer */,
			);
			path = App;
			sourceTree = "<group>";
		};
		86662141291B90A200D53CAF /* WeiboTopTests */ = {
			isa = PBXGroup;
			children = (
				86662142291B90A200D53CAF /* WeiboTopTests.swift */,
			);
			path = WeiboTopTests;
			sourceTree = "<group>";
		};
		8666214E291B90CF00D53CAF /* WeiboTopUITests */ = {
			isa = PBXGroup;
			children = (
				8666214F291B90CF00D53CAF /* WeiboTopUITests.swift */,
				86662151291B90CF00D53CAF /* WeiboTopUITestsLaunchTests.swift */,
			);
			path = WeiboTopUITests;
			sourceTree = "<group>";
		};
		86C7B2EA293875FA0057E448 /* DIContainer */ = {
			isa = PBXGroup;
			children = (
				86C7B2ED293879A00057E448 /* AppDIContainer.swift */,
				86C7B2EB293876130057E448 /* TopsSceneDIContainer.swift */,
			);
			path = DIContainer;
			sourceTree = "<group>";
		};
		86C9A7D72925D47100ABEC99 /* Frameworks */ = {
			isa = PBXGroup;
			children = (
			);
			name = Frameworks;
			sourceTree = "<group>";
		};
		86FB4CC62906541000453F4D = {
			isa = PBXGroup;
			children = (
				86C819802925EC1B0042EED8 /* Infrastructure */,
				867AF38F2936139B00B1A9F6 /* Domain */,
				867AF39329361A3A00B1A9F6 /* Data */,
				86FB4CD12906541000453F4D /* WeiboTop */,
				86662141291B90A200D53CAF /* WeiboTopTests */,
				8666214E291B90CF00D53CAF /* WeiboTopUITests */,
				86FB4CD02906541000453F4D /* Products */,
				86C9A7D72925D47100ABEC99 /* Frameworks */,
			);
			sourceTree = "<group>";
		};
		86FB4CD02906541000453F4D /* Products */ = {
			isa = PBXGroup;
			children = (
				86FB4CCF2906541000453F4D /* WeiboTop.app */,
				86662140291B90A200D53CAF /* WeiboTopTests.xctest */,
				8666214D291B90CF00D53CAF /* WeiboTopUITests.xctest */,
			);
			name = Products;
			sourceTree = "<group>";
		};
		86FB4CD12906541000453F4D /* WeiboTop */ = {
			isa = PBXGroup;
			children = (
				864A2CFA293712B200880564 /* App */,
				864A2CF12937129400880564 /* Presentation */,
				86FB4CD42906541000453F4D /* ContentView.swift */,
				8666213A291B8A6200D53CAF /* AppMetrics.swift */,
				86C8197E2925EA7B0042EED8 /* SafariViewController.swift */,
				86C81983292601570042EED8 /* Settings.swift */,
				86C8198529261BB10042EED8 /* AppSettings.swift */,
				86FB4CD62906541100453F4D /* Assets.xcassets */,
				86FB4CD82906541100453F4D /* Preview Content */,
			);
			path = WeiboTop;
			sourceTree = "<group>";
		};
		86FB4CD82906541100453F4D /* Preview Content */ = {
			isa = PBXGroup;
			children = (
				86FB4CD92906541100453F4D /* Preview Assets.xcassets */,
			);
			path = "Preview Content";
			sourceTree = "<group>";
		};
/* End PBXGroup section */

/* Begin PBXNativeTarget section */
		8666213F291B90A200D53CAF /* WeiboTopTests */ = {
			isa = PBXNativeTarget;
			buildConfigurationList = 86662146291B90A200D53CAF /* Build configuration list for PBXNativeTarget "WeiboTopTests" */;
			buildPhases = (
				8666213C291B90A200D53CAF /* Sources */,
				8666213D291B90A200D53CAF /* Frameworks */,
				8666213E291B90A200D53CAF /* Resources */,
			);
			buildRules = (
			);
			dependencies = (
				86662145291B90A200D53CAF /* PBXTargetDependency */,
			);
			name = WeiboTopTests;
			productName = WeiboTopTests;
			productReference = 86662140291B90A200D53CAF /* WeiboTopTests.xctest */;
			productType = "com.apple.product-type.bundle.unit-test";
		};
		8666214C291B90CF00D53CAF /* WeiboTopUITests */ = {
			isa = PBXNativeTarget;
			buildConfigurationList = 86662155291B90CF00D53CAF /* Build configuration list for PBXNativeTarget "WeiboTopUITests" */;
			buildPhases = (
				86662149291B90CF00D53CAF /* Sources */,
				8666214A291B90CF00D53CAF /* Frameworks */,
				8666214B291B90CF00D53CAF /* Resources */,
			);
			buildRules = (
			);
			dependencies = (
				86662154291B90CF00D53CAF /* PBXTargetDependency */,
			);
			name = WeiboTopUITests;
			productName = WeiboTopUITests;
			productReference = 8666214D291B90CF00D53CAF /* WeiboTopUITests.xctest */;
			productType = "com.apple.product-type.bundle.ui-testing";
		};
		86FB4CCE2906541000453F4D /* WeiboTop */ = {
			isa = PBXNativeTarget;
			buildConfigurationList = 86FB4CDD2906541100453F4D /* Build configuration list for PBXNativeTarget "WeiboTop" */;
			buildPhases = (
				86FB4CCB2906541000453F4D /* Sources */,
				86FB4CCC2906541000453F4D /* Frameworks */,
				86FB4CCD2906541000453F4D /* Resources */,
			);
			buildRules = (
			);
			dependencies = (
			);
			name = WeiboTop;
			packageProductDependencies = (
				86C9A7D42925D3A600ABEC99 /* AlertToast */,
				86C819812925EFF50042EED8 /* Infrastructure */,
				867AF3912936179500B1A9F6 /* Domain */,
				86C655BD29370F3400E9B71C /* Data */,
			);
			productName = WeiboTop;
			productReference = 86FB4CCF2906541000453F4D /* WeiboTop.app */;
			productType = "com.apple.product-type.application";
		};
/* End PBXNativeTarget section */

/* Begin PBXProject section */
		86FB4CC72906541000453F4D /* Project object */ = {
			isa = PBXProject;
			attributes = {
				BuildIndependentTargetsInParallel = 1;
				LastSwiftUpdateCheck = 1410;
				LastUpgradeCheck = 1400;
				TargetAttributes = {
					8666213F291B90A200D53CAF = {
						CreatedOnToolsVersion = 14.1;
						TestTargetID = 86FB4CCE2906541000453F4D;
					};
					8666214C291B90CF00D53CAF = {
						CreatedOnToolsVersion = 14.1;
						TestTargetID = 86FB4CCE2906541000453F4D;
					};
					86FB4CCE2906541000453F4D = {
						CreatedOnToolsVersion = 14.0.1;
					};
				};
			};
			buildConfigurationList = 86FB4CCA2906541000453F4D /* Build configuration list for PBXProject "WeiboTop" */;
			compatibilityVersion = "Xcode 14.0";
			developmentRegion = en;
			hasScannedForEncodings = 0;
			knownRegions = (
				en,
				Base,
			);
			mainGroup = 86FB4CC62906541000453F4D;
			packageReferences = (
				86C9A7D32925D3A600ABEC99 /* XCRemoteSwiftPackageReference "AlertToast" */,
			);
			productRefGroup = 86FB4CD02906541000453F4D /* Products */;
			projectDirPath = "";
			projectRoot = "";
			targets = (
				86FB4CCE2906541000453F4D /* WeiboTop */,
				8666213F291B90A200D53CAF /* WeiboTopTests */,
				8666214C291B90CF00D53CAF /* WeiboTopUITests */,
			);
		};
/* End PBXProject section */

/* Begin PBXResourcesBuildPhase section */
		8666213E291B90A200D53CAF /* Resources */ = {
			isa = PBXResourcesBuildPhase;
			buildActionMask = 2147483647;
			files = (
			);
			runOnlyForDeploymentPostprocessing = 0;
		};
		8666214B291B90CF00D53CAF /* Resources */ = {
			isa = PBXResourcesBuildPhase;
			buildActionMask = 2147483647;
			files = (
			);
			runOnlyForDeploymentPostprocessing = 0;
		};
		86FB4CCD2906541000453F4D /* Resources */ = {
			isa = PBXResourcesBuildPhase;
			buildActionMask = 2147483647;
			files = (
				867AF3902936139B00B1A9F6 /* Domain in Resources */,
				86FB4CDA2906541100453F4D /* Preview Assets.xcassets in Resources */,
				86FB4CD72906541100453F4D /* Assets.xcassets in Resources */,
			);
			runOnlyForDeploymentPostprocessing = 0;
		};
/* End PBXResourcesBuildPhase section */

/* Begin PBXSourcesBuildPhase section */
		8666213C291B90A200D53CAF /* Sources */ = {
			isa = PBXSourcesBuildPhase;
			buildActionMask = 2147483647;
			files = (
				86662143291B90A200D53CAF /* WeiboTopTests.swift in Sources */,
			);
			runOnlyForDeploymentPostprocessing = 0;
		};
		86662149291B90CF00D53CAF /* Sources */ = {
			isa = PBXSourcesBuildPhase;
			buildActionMask = 2147483647;
			files = (
				86662152291B90CF00D53CAF /* WeiboTopUITestsLaunchTests.swift in Sources */,
				86662150291B90CF00D53CAF /* WeiboTopUITests.swift in Sources */,
			);
			runOnlyForDeploymentPostprocessing = 0;
		};
		86FB4CCB2906541000453F4D /* Sources */ = {
			isa = PBXSourcesBuildPhase;
			buildActionMask = 2147483647;
			files = (
				86C7B2EE293879A00057E448 /* AppDIContainer.swift in Sources */,
				864A42582938484B00880564 /* AppConfiguration.swift in Sources */,
				86FB4CD52906541000453F4D /* ContentView.swift in Sources */,
				8666213B291B8A6200D53CAF /* AppMetrics.swift in Sources */,
				864A2CF8293712A200880564 /* TopsListViewModel.swift in Sources */,
				86C8198629261BB10042EED8 /* AppSettings.swift in Sources */,
				86C7B2EC293876130057E448 /* TopsSceneDIContainer.swift in Sources */,
				86C8197F2925EA7B0042EED8 /* SafariViewController.swift in Sources */,
				864A2CF9293712A200880564 /* LoadingView.swift in Sources */,
				86FB4CD32906541000453F4D /* WeiboTopApp.swift in Sources */,
				86C81984292601570042EED8 /* Settings.swift in Sources */,
			);
			runOnlyForDeploymentPostprocessing = 0;
		};
/* End PBXSourcesBuildPhase section */

/* Begin PBXTargetDependency section */
		86662145291B90A200D53CAF /* PBXTargetDependency */ = {
			isa = PBXTargetDependency;
			target = 86FB4CCE2906541000453F4D /* WeiboTop */;
			targetProxy = 86662144291B90A200D53CAF /* PBXContainerItemProxy */;
		};
		86662154291B90CF00D53CAF /* PBXTargetDependency */ = {
			isa = PBXTargetDependency;
			target = 86FB4CCE2906541000453F4D /* WeiboTop */;
			targetProxy = 86662153291B90CF00D53CAF /* PBXContainerItemProxy */;
		};
/* End PBXTargetDependency section */

/* Begin XCBuildConfiguration section */
		86662147291B90A200D53CAF /* Debug */ = {
			isa = XCBuildConfiguration;
			buildSettings = {
				BUNDLE_LOADER = "$(TEST_HOST)";
				CODE_SIGN_STYLE = Automatic;
				CURRENT_PROJECT_VERSION = 1;
				GENERATE_INFOPLIST_FILE = YES;
				IPHONEOS_DEPLOYMENT_TARGET = 16.1;
				MARKETING_VERSION = 1.0;
				PRODUCT_BUNDLE_IDENTIFIER = org.liuduoios.WeiboTopTests;
				PRODUCT_NAME = "$(TARGET_NAME)";
				SWIFT_EMIT_LOC_STRINGS = NO;
				SWIFT_VERSION = 5.0;
				TARGETED_DEVICE_FAMILY = "1,2";
				TEST_HOST = "$(BUILT_PRODUCTS_DIR)/WeiboTop.app/$(BUNDLE_EXECUTABLE_FOLDER_PATH)/WeiboTop";
			};
			name = Debug;
		};
		86662148291B90A200D53CAF /* Release */ = {
			isa = XCBuildConfiguration;
			buildSettings = {
				BUNDLE_LOADER = "$(TEST_HOST)";
				CODE_SIGN_STYLE = Automatic;
				CURRENT_PROJECT_VERSION = 1;
				GENERATE_INFOPLIST_FILE = YES;
				IPHONEOS_DEPLOYMENT_TARGET = 16.1;
				MARKETING_VERSION = 1.0;
				PRODUCT_BUNDLE_IDENTIFIER = org.liuduoios.WeiboTopTests;
				PRODUCT_NAME = "$(TARGET_NAME)";
				SWIFT_EMIT_LOC_STRINGS = NO;
				SWIFT_VERSION = 5.0;
				TARGETED_DEVICE_FAMILY = "1,2";
				TEST_HOST = "$(BUILT_PRODUCTS_DIR)/WeiboTop.app/$(BUNDLE_EXECUTABLE_FOLDER_PATH)/WeiboTop";
			};
			name = Release;
		};
		86662156291B90CF00D53CAF /* Debug */ = {
			isa = XCBuildConfiguration;
			buildSettings = {
				CODE_SIGN_STYLE = Automatic;
				CURRENT_PROJECT_VERSION = 1;
				GENERATE_INFOPLIST_FILE = YES;
				IPHONEOS_DEPLOYMENT_TARGET = 16.1;
				MARKETING_VERSION = 1.0;
				PRODUCT_BUNDLE_IDENTIFIER = org.liuduoios.WeiboTopUITests;
				PRODUCT_NAME = "$(TARGET_NAME)";
				SWIFT_EMIT_LOC_STRINGS = NO;
				SWIFT_VERSION = 5.0;
				TARGETED_DEVICE_FAMILY = "1,2";
				TEST_TARGET_NAME = WeiboTop;
			};
			name = Debug;
		};
		86662157291B90CF00D53CAF /* Release */ = {
			isa = XCBuildConfiguration;
			buildSettings = {
				CODE_SIGN_STYLE = Automatic;
				CURRENT_PROJECT_VERSION = 1;
				GENERATE_INFOPLIST_FILE = YES;
				IPHONEOS_DEPLOYMENT_TARGET = 16.1;
				MARKETING_VERSION = 1.0;
				PRODUCT_BUNDLE_IDENTIFIER = org.liuduoios.WeiboTopUITests;
				PRODUCT_NAME = "$(TARGET_NAME)";
				SWIFT_EMIT_LOC_STRINGS = NO;
				SWIFT_VERSION = 5.0;
				TARGETED_DEVICE_FAMILY = "1,2";
				TEST_TARGET_NAME = WeiboTop;
			};
			name = Release;
		};
		86FB4CDB2906541100453F4D /* Debug */ = {
			isa = XCBuildConfiguration;
			buildSettings = {
				ALWAYS_SEARCH_USER_PATHS = NO;
				CLANG_ANALYZER_NONNULL = YES;
				CLANG_ANALYZER_NUMBER_OBJECT_CONVERSION = YES_AGGRESSIVE;
				CLANG_CXX_LANGUAGE_STANDARD = "gnu++20";
				CLANG_ENABLE_MODULES = YES;
				CLANG_ENABLE_OBJC_ARC = YES;
				CLANG_ENABLE_OBJC_WEAK = YES;
				CLANG_WARN_BLOCK_CAPTURE_AUTORELEASING = YES;
				CLANG_WARN_BOOL_CONVERSION = YES;
				CLANG_WARN_COMMA = YES;
				CLANG_WARN_CONSTANT_CONVERSION = YES;
				CLANG_WARN_DEPRECATED_OBJC_IMPLEMENTATIONS = YES;
				CLANG_WARN_DIRECT_OBJC_ISA_USAGE = YES_ERROR;
				CLANG_WARN_DOCUMENTATION_COMMENTS = YES;
				CLANG_WARN_EMPTY_BODY = YES;
				CLANG_WARN_ENUM_CONVERSION = YES;
				CLANG_WARN_INFINITE_RECURSION = YES;
				CLANG_WARN_INT_CONVERSION = YES;
				CLANG_WARN_NON_LITERAL_NULL_CONVERSION = YES;
				CLANG_WARN_OBJC_IMPLICIT_RETAIN_SELF = YES;
				CLANG_WARN_OBJC_LITERAL_CONVERSION = YES;
				CLANG_WARN_OBJC_ROOT_CLASS = YES_ERROR;
				CLANG_WARN_QUOTED_INCLUDE_IN_FRAMEWORK_HEADER = YES;
				CLANG_WARN_RANGE_LOOP_ANALYSIS = YES;
				CLANG_WARN_STRICT_PROTOTYPES = YES;
				CLANG_WARN_SUSPICIOUS_MOVE = YES;
				CLANG_WARN_UNGUARDED_AVAILABILITY = YES_AGGRESSIVE;
				CLANG_WARN_UNREACHABLE_CODE = YES;
				CLANG_WARN__DUPLICATE_METHOD_MATCH = YES;
				COPY_PHASE_STRIP = NO;
				DEBUG_INFORMATION_FORMAT = dwarf;
				ENABLE_STRICT_OBJC_MSGSEND = YES;
				ENABLE_TESTABILITY = YES;
				GCC_C_LANGUAGE_STANDARD = gnu11;
				GCC_DYNAMIC_NO_PIC = NO;
				GCC_NO_COMMON_BLOCKS = YES;
				GCC_OPTIMIZATION_LEVEL = 0;
				GCC_PREPROCESSOR_DEFINITIONS = (
					"DEBUG=1",
					"$(inherited)",
				);
				GCC_WARN_64_TO_32_BIT_CONVERSION = YES;
				GCC_WARN_ABOUT_RETURN_TYPE = YES_ERROR;
				GCC_WARN_UNDECLARED_SELECTOR = YES;
				GCC_WARN_UNINITIALIZED_AUTOS = YES_AGGRESSIVE;
				GCC_WARN_UNUSED_FUNCTION = YES;
				GCC_WARN_UNUSED_VARIABLE = YES;
				IPHONEOS_DEPLOYMENT_TARGET = 16.0;
				MTL_ENABLE_DEBUG_INFO = INCLUDE_SOURCE;
				MTL_FAST_MATH = YES;
				ONLY_ACTIVE_ARCH = YES;
				SDKROOT = iphoneos;
				SWIFT_ACTIVE_COMPILATION_CONDITIONS = DEBUG;
				SWIFT_OPTIMIZATION_LEVEL = "-Onone";
			};
			name = Debug;
		};
		86FB4CDC2906541100453F4D /* Release */ = {
			isa = XCBuildConfiguration;
			buildSettings = {
				ALWAYS_SEARCH_USER_PATHS = NO;
				CLANG_ANALYZER_NONNULL = YES;
				CLANG_ANALYZER_NUMBER_OBJECT_CONVERSION = YES_AGGRESSIVE;
				CLANG_CXX_LANGUAGE_STANDARD = "gnu++20";
				CLANG_ENABLE_MODULES = YES;
				CLANG_ENABLE_OBJC_ARC = YES;
				CLANG_ENABLE_OBJC_WEAK = YES;
				CLANG_WARN_BLOCK_CAPTURE_AUTORELEASING = YES;
				CLANG_WARN_BOOL_CONVERSION = YES;
				CLANG_WARN_COMMA = YES;
				CLANG_WARN_CONSTANT_CONVERSION = YES;
				CLANG_WARN_DEPRECATED_OBJC_IMPLEMENTATIONS = YES;
				CLANG_WARN_DIRECT_OBJC_ISA_USAGE = YES_ERROR;
				CLANG_WARN_DOCUMENTATION_COMMENTS = YES;
				CLANG_WARN_EMPTY_BODY = YES;
				CLANG_WARN_ENUM_CONVERSION = YES;
				CLANG_WARN_INFINITE_RECURSION = YES;
				CLANG_WARN_INT_CONVERSION = YES;
				CLANG_WARN_NON_LITERAL_NULL_CONVERSION = YES;
				CLANG_WARN_OBJC_IMPLICIT_RETAIN_SELF = YES;
				CLANG_WARN_OBJC_LITERAL_CONVERSION = YES;
				CLANG_WARN_OBJC_ROOT_CLASS = YES_ERROR;
				CLANG_WARN_QUOTED_INCLUDE_IN_FRAMEWORK_HEADER = YES;
				CLANG_WARN_RANGE_LOOP_ANALYSIS = YES;
				CLANG_WARN_STRICT_PROTOTYPES = YES;
				CLANG_WARN_SUSPICIOUS_MOVE = YES;
				CLANG_WARN_UNGUARDED_AVAILABILITY = YES_AGGRESSIVE;
				CLANG_WARN_UNREACHABLE_CODE = YES;
				CLANG_WARN__DUPLICATE_METHOD_MATCH = YES;
				COPY_PHASE_STRIP = NO;
				DEBUG_INFORMATION_FORMAT = "dwarf-with-dsym";
				ENABLE_NS_ASSERTIONS = NO;
				ENABLE_STRICT_OBJC_MSGSEND = YES;
				GCC_C_LANGUAGE_STANDARD = gnu11;
				GCC_NO_COMMON_BLOCKS = YES;
				GCC_WARN_64_TO_32_BIT_CONVERSION = YES;
				GCC_WARN_ABOUT_RETURN_TYPE = YES_ERROR;
				GCC_WARN_UNDECLARED_SELECTOR = YES;
				GCC_WARN_UNINITIALIZED_AUTOS = YES_AGGRESSIVE;
				GCC_WARN_UNUSED_FUNCTION = YES;
				GCC_WARN_UNUSED_VARIABLE = YES;
				IPHONEOS_DEPLOYMENT_TARGET = 16.0;
				MTL_ENABLE_DEBUG_INFO = NO;
				MTL_FAST_MATH = YES;
				SDKROOT = iphoneos;
				SWIFT_COMPILATION_MODE = wholemodule;
				SWIFT_OPTIMIZATION_LEVEL = "-O";
				VALIDATE_PRODUCT = YES;
			};
			name = Release;
		};
		86FB4CDE2906541100453F4D /* Debug */ = {
			isa = XCBuildConfiguration;
			buildSettings = {
				ASSETCATALOG_COMPILER_APPICON_NAME = AppIcon;
				ASSETCATALOG_COMPILER_GLOBAL_ACCENT_COLOR_NAME = AccentColor;
				CODE_SIGN_STYLE = Automatic;
				CURRENT_PROJECT_VERSION = 1;
				DEVELOPMENT_ASSET_PATHS = "\"WeiboTop/Preview Content\"";
				DEVELOPMENT_TEAM = Q5T63Z56RD;
				ENABLE_PREVIEWS = YES;
				GENERATE_INFOPLIST_FILE = YES;
				INFOPLIST_KEY_UIApplicationSceneManifest_Generation = YES;
				INFOPLIST_KEY_UIApplicationSupportsIndirectInputEvents = YES;
				INFOPLIST_KEY_UILaunchScreen_Generation = YES;
				INFOPLIST_KEY_UISupportedInterfaceOrientations_iPad = "UIInterfaceOrientationPortrait UIInterfaceOrientationPortraitUpsideDown UIInterfaceOrientationLandscapeLeft UIInterfaceOrientationLandscapeRight";
				INFOPLIST_KEY_UISupportedInterfaceOrientations_iPhone = "UIInterfaceOrientationPortrait UIInterfaceOrientationLandscapeLeft UIInterfaceOrientationLandscapeRight";
				LD_RUNPATH_SEARCH_PATHS = (
					"$(inherited)",
					"@executable_path/Frameworks",
				);
				MARKETING_VERSION = 1.0;
				PRODUCT_BUNDLE_IDENTIFIER = org.liuduoios.WeiboTop;
				PRODUCT_NAME = "$(TARGET_NAME)";
				SWIFT_EMIT_LOC_STRINGS = YES;
				SWIFT_VERSION = 5.0;
				TARGETED_DEVICE_FAMILY = "1,2";
			};
			name = Debug;
		};
		86FB4CDF2906541100453F4D /* Release */ = {
			isa = XCBuildConfiguration;
			buildSettings = {
				ASSETCATALOG_COMPILER_APPICON_NAME = AppIcon;
				ASSETCATALOG_COMPILER_GLOBAL_ACCENT_COLOR_NAME = AccentColor;
				CODE_SIGN_STYLE = Automatic;
				CURRENT_PROJECT_VERSION = 1;
				DEVELOPMENT_ASSET_PATHS = "\"WeiboTop/Preview Content\"";
				DEVELOPMENT_TEAM = Q5T63Z56RD;
				ENABLE_PREVIEWS = YES;
				GENERATE_INFOPLIST_FILE = YES;
				INFOPLIST_KEY_UIApplicationSceneManifest_Generation = YES;
				INFOPLIST_KEY_UIApplicationSupportsIndirectInputEvents = YES;
				INFOPLIST_KEY_UILaunchScreen_Generation = YES;
				INFOPLIST_KEY_UISupportedInterfaceOrientations_iPad = "UIInterfaceOrientationPortrait UIInterfaceOrientationPortraitUpsideDown UIInterfaceOrientationLandscapeLeft UIInterfaceOrientationLandscapeRight";
				INFOPLIST_KEY_UISupportedInterfaceOrientations_iPhone = "UIInterfaceOrientationPortrait UIInterfaceOrientationLandscapeLeft UIInterfaceOrientationLandscapeRight";
				LD_RUNPATH_SEARCH_PATHS = (
					"$(inherited)",
					"@executable_path/Frameworks",
				);
				MARKETING_VERSION = 1.0;
				PRODUCT_BUNDLE_IDENTIFIER = org.liuduoios.WeiboTop;
				PRODUCT_NAME = "$(TARGET_NAME)";
				SWIFT_EMIT_LOC_STRINGS = YES;
				SWIFT_VERSION = 5.0;
				TARGETED_DEVICE_FAMILY = "1,2";
			};
			name = Release;
		};
/* End XCBuildConfiguration section */

/* Begin XCConfigurationList section */
		86662146291B90A200D53CAF /* Build configuration list for PBXNativeTarget "WeiboTopTests" */ = {
			isa = XCConfigurationList;
			buildConfigurations = (
				86662147291B90A200D53CAF /* Debug */,
				86662148291B90A200D53CAF /* Release */,
			);
			defaultConfigurationIsVisible = 0;
			defaultConfigurationName = Release;
		};
		86662155291B90CF00D53CAF /* Build configuration list for PBXNativeTarget "WeiboTopUITests" */ = {
			isa = XCConfigurationList;
			buildConfigurations = (
				86662156291B90CF00D53CAF /* Debug */,
				86662157291B90CF00D53CAF /* Release */,
			);
			defaultConfigurationIsVisible = 0;
			defaultConfigurationName = Release;
		};
		86FB4CCA2906541000453F4D /* Build configuration list for PBXProject "WeiboTop" */ = {
			isa = XCConfigurationList;
			buildConfigurations = (
				86FB4CDB2906541100453F4D /* Debug */,
				86FB4CDC2906541100453F4D /* Release */,
			);
			defaultConfigurationIsVisible = 0;
			defaultConfigurationName = Release;
		};
		86FB4CDD2906541100453F4D /* Build configuration list for PBXNativeTarget "WeiboTop" */ = {
			isa = XCConfigurationList;
			buildConfigurations = (
				86FB4CDE2906541100453F4D /* Debug */,
				86FB4CDF2906541100453F4D /* Release */,
			);
			defaultConfigurationIsVisible = 0;
			defaultConfigurationName = Release;
		};
/* End XCConfigurationList section */

/* Begin XCRemoteSwiftPackageReference section */
		86C9A7D32925D3A600ABEC99 /* XCRemoteSwiftPackageReference "AlertToast" */ = {
			isa = XCRemoteSwiftPackageReference;
			repositoryURL = "https://github.com/elai950/AlertToast";
			requirement = {
				kind = upToNextMajorVersion;
				minimumVersion = 1.0.0;
			};
		};
/* End XCRemoteSwiftPackageReference section */

/* Begin XCSwiftPackageProductDependency section */
		867AF3912936179500B1A9F6 /* Domain */ = {
			isa = XCSwiftPackageProductDependency;
			productName = Domain;
		};
		86C655BD29370F3400E9B71C /* Data */ = {
			isa = XCSwiftPackageProductDependency;
			productName = Data;
		};
		86C819812925EFF50042EED8 /* Infrastructure */ = {
			isa = XCSwiftPackageProductDependency;
			productName = Infrastructure;
		};
		86C9A7D42925D3A600ABEC99 /* AlertToast */ = {
			isa = XCSwiftPackageProductDependency;
			package = 86C9A7D32925D3A600ABEC99 /* XCRemoteSwiftPackageReference "AlertToast" */;
			productName = AlertToast;
		};
/* End XCSwiftPackageProductDependency section */
	};
	rootObject = 86FB4CC72906541000453F4D /* Project object */;
}
